// !$*UTF8*$!
{
	archiveVersion = 1;
	classes = {
	};
	objectVersion = 77;
	objects = {

/* Begin PBXBuildFile section */
		50ED7E1EDE9688B31CF0B7E4 /* Pods_Weather_App_UIKit_Weather_App_UIKitUITests.framework in Frameworks */ = {isa = PBXBuildFile; fileRef = 486E938411CE1FEB5A3B8215 /* Pods_Weather_App_UIKit_Weather_App_UIKitUITests.framework */; };
		57C995E2D905B49CD1AC513D /* Pods_Weather_App_UIKit.framework in Frameworks */ = {isa = PBXBuildFile; fileRef = EE2589E32645DD011815F08F /* Pods_Weather_App_UIKit.framework */; };
		C7C2E5C8820DF72FE16465F8 /* Pods_Weather_App_UIKitTests.framework in Frameworks */ = {isa = PBXBuildFile; fileRef = 17AAD1FEFCABF54F9C6DC7BC /* Pods_Weather_App_UIKitTests.framework */; };
/* End PBXBuildFile section */

/* Begin PBXContainerItemProxy section */
		0FC352FC2CECE6EF00491A7A /* PBXContainerItemProxy */ = {
			isa = PBXContainerItemProxy;
			containerPortal = 0FC352DA2CECE6EB00491A7A /* Project object */;
			proxyType = 1;
			remoteGlobalIDString = 0FC352E12CECE6EB00491A7A;
			remoteInfo = "Weather App UIKit";
		};
		0FC353062CECE6EF00491A7A /* PBXContainerItemProxy */ = {
			isa = PBXContainerItemProxy;
			containerPortal = 0FC352DA2CECE6EB00491A7A /* Project object */;
			proxyType = 1;
			remoteGlobalIDString = 0FC352E12CECE6EB00491A7A;
			remoteInfo = "Weather App UIKit";
		};
/* End PBXContainerItemProxy section */

/* Begin PBXFileReference section */
		0FC352E22CECE6EB00491A7A /* Weather App UIKit.app */ = {isa = PBXFileReference; explicitFileType = wrapper.application; includeInIndex = 0; path = "Weather App UIKit.app"; sourceTree = BUILT_PRODUCTS_DIR; };
		0FC352FB2CECE6EF00491A7A /* Weather App UIKitTests.xctest */ = {isa = PBXFileReference; explicitFileType = wrapper.cfbundle; includeInIndex = 0; path = "Weather App UIKitTests.xctest"; sourceTree = BUILT_PRODUCTS_DIR; };
		0FC353052CECE6EF00491A7A /* Weather App UIKitUITests.xctest */ = {isa = PBXFileReference; explicitFileType = wrapper.cfbundle; includeInIndex = 0; path = "Weather App UIKitUITests.xctest"; sourceTree = BUILT_PRODUCTS_DIR; };
		166CB1D7F67E14D414454ACD /* Pods-Weather App UIKitTests.debug.xcconfig */ = {isa = PBXFileReference; includeInIndex = 1; lastKnownFileType = text.xcconfig; name = "Pods-Weather App UIKitTests.debug.xcconfig"; path = "Target Support Files/Pods-Weather App UIKitTests/Pods-Weather App UIKitTests.debug.xcconfig"; sourceTree = "<group>"; };
		17AAD1FEFCABF54F9C6DC7BC /* Pods_Weather_App_UIKitTests.framework */ = {isa = PBXFileReference; explicitFileType = wrapper.framework; includeInIndex = 0; path = Pods_Weather_App_UIKitTests.framework; sourceTree = BUILT_PRODUCTS_DIR; };
		486E938411CE1FEB5A3B8215 /* Pods_Weather_App_UIKit_Weather_App_UIKitUITests.framework */ = {isa = PBXFileReference; explicitFileType = wrapper.framework; includeInIndex = 0; path = Pods_Weather_App_UIKit_Weather_App_UIKitUITests.framework; sourceTree = BUILT_PRODUCTS_DIR; };
		4C7D24E5CF72506458828A4E /* Pods-Weather App UIKit.debug.xcconfig */ = {isa = PBXFileReference; includeInIndex = 1; lastKnownFileType = text.xcconfig; name = "Pods-Weather App UIKit.debug.xcconfig"; path = "Target Support Files/Pods-Weather App UIKit/Pods-Weather App UIKit.debug.xcconfig"; sourceTree = "<group>"; };
		932A924F6C5C3FE6E5A04FC5 /* Pods-Weather App UIKit-Weather App UIKitUITests.debug.xcconfig */ = {isa = PBXFileReference; includeInIndex = 1; lastKnownFileType = text.xcconfig; name = "Pods-Weather App UIKit-Weather App UIKitUITests.debug.xcconfig"; path = "Target Support Files/Pods-Weather App UIKit-Weather App UIKitUITests/Pods-Weather App UIKit-Weather App UIKitUITests.debug.xcconfig"; sourceTree = "<group>"; };
		96A2460BC1E19E565D4255EF /* Pods-Weather App UIKit-Weather App UIKitUITests.release.xcconfig */ = {isa = PBXFileReference; includeInIndex = 1; lastKnownFileType = text.xcconfig; name = "Pods-Weather App UIKit-Weather App UIKitUITests.release.xcconfig"; path = "Target Support Files/Pods-Weather App UIKit-Weather App UIKitUITests/Pods-Weather App UIKit-Weather App UIKitUITests.release.xcconfig"; sourceTree = "<group>"; };
		DF703E14466A6487EF06E1C6 /* Pods-Weather App UIKit.release.xcconfig */ = {isa = PBXFileReference; includeInIndex = 1; lastKnownFileType = text.xcconfig; name = "Pods-Weather App UIKit.release.xcconfig"; path = "Target Support Files/Pods-Weather App UIKit/Pods-Weather App UIKit.release.xcconfig"; sourceTree = "<group>"; };
		EA09978B91CBFA422AB749EB /* Pods-Weather App UIKitTests.release.xcconfig */ = {isa = PBXFileReference; includeInIndex = 1; lastKnownFileType = text.xcconfig; name = "Pods-Weather App UIKitTests.release.xcconfig"; path = "Target Support Files/Pods-Weather App UIKitTests/Pods-Weather App UIKitTests.release.xcconfig"; sourceTree = "<group>"; };
		EE2589E32645DD011815F08F /* Pods_Weather_App_UIKit.framework */ = {isa = PBXFileReference; explicitFileType = wrapper.framework; includeInIndex = 0; path = Pods_Weather_App_UIKit.framework; sourceTree = BUILT_PRODUCTS_DIR; };
/* End PBXFileReference section */

/* Begin PBXFileSystemSynchronizedBuildFileExceptionSet section */
		0FC3530D2CECE6EF00491A7A /* Exceptions for "Weather App UIKit" folder in "Weather App UIKit" target */ = {
			isa = PBXFileSystemSynchronizedBuildFileExceptionSet;
			membershipExceptions = (
				Info.plist,
			);
			target = 0FC352E12CECE6EB00491A7A /* Weather App UIKit */;
		};
/* End PBXFileSystemSynchronizedBuildFileExceptionSet section */

/* Begin PBXFileSystemSynchronizedRootGroup section */
		0FC352E42CECE6EB00491A7A /* Weather App UIKit */ = {
			isa = PBXFileSystemSynchronizedRootGroup;
			exceptions = (
				0FC3530D2CECE6EF00491A7A /* Exceptions for "Weather App UIKit" folder in "Weather App UIKit" target */,
			);
			path = "Weather App UIKit";
			sourceTree = "<group>";
		};
		0FC352FE2CECE6EF00491A7A /* Weather App UIKitTests */ = {
			isa = PBXFileSystemSynchronizedRootGroup;
			exceptions = (
			);
			path = "Weather App UIKitTests";
			sourceTree = "<group>";
		};
		0FC353082CECE6EF00491A7A /* Weather App UIKitUITests */ = {
			isa = PBXFileSystemSynchronizedRootGroup;
			exceptions = (
			);
			path = "Weather App UIKitUITests";
			sourceTree = "<group>";
		};
/* End PBXFileSystemSynchronizedRootGroup section */

/* Begin PBXFrameworksBuildPhase section */
		0FC352DF2CECE6EB00491A7A /* Frameworks */ = {
			isa = PBXFrameworksBuildPhase;
			buildActionMask = 2147483647;
			files = (
				57C995E2D905B49CD1AC513D /* Pods_Weather_App_UIKit.framework in Frameworks */,
			);
			runOnlyForDeploymentPostprocessing = 0;
		};
		0FC352F82CECE6EF00491A7A /* Frameworks */ = {
			isa = PBXFrameworksBuildPhase;
			buildActionMask = 2147483647;
			files = (
				C7C2E5C8820DF72FE16465F8 /* Pods_Weather_App_UIKitTests.framework in Frameworks */,
			);
			runOnlyForDeploymentPostprocessing = 0;
		};
		0FC353022CECE6EF00491A7A /* Frameworks */ = {
			isa = PBXFrameworksBuildPhase;
			buildActionMask = 2147483647;
			files = (
				50ED7E1EDE9688B31CF0B7E4 /* Pods_Weather_App_UIKit_Weather_App_UIKitUITests.framework in Frameworks */,
			);
			runOnlyForDeploymentPostprocessing = 0;
		};
/* End PBXFrameworksBuildPhase section */

/* Begin PBXGroup section */
		0FC352D92CECE6EB00491A7A = {
			isa = PBXGroup;
			children = (
				0FC352E42CECE6EB00491A7A /* Weather App UIKit */,
				0FC352FE2CECE6EF00491A7A /* Weather App UIKitTests */,
				0FC353082CECE6EF00491A7A /* Weather App UIKitUITests */,
				0FC352E32CECE6EB00491A7A /* Products */,
				74F012B0D8A615B04DFB830C /* Pods */,
				D1F52F35474371781E2D2C20 /* Frameworks */,
			);
			sourceTree = "<group>";
		};
		0FC352E32CECE6EB00491A7A /* Products */ = {
			isa = PBXGroup;
			children = (
				0FC352E22CECE6EB00491A7A /* Weather App UIKit.app */,
				0FC352FB2CECE6EF00491A7A /* Weather App UIKitTests.xctest */,
				0FC353052CECE6EF00491A7A /* Weather App UIKitUITests.xctest */,
			);
			name = Products;
			sourceTree = "<group>";
		};
		74F012B0D8A615B04DFB830C /* Pods */ = {
			isa = PBXGroup;
			children = (
				4C7D24E5CF72506458828A4E /* Pods-Weather App UIKit.debug.xcconfig */,
				DF703E14466A6487EF06E1C6 /* Pods-Weather App UIKit.release.xcconfig */,
				932A924F6C5C3FE6E5A04FC5 /* Pods-Weather App UIKit-Weather App UIKitUITests.debug.xcconfig */,
				96A2460BC1E19E565D4255EF /* Pods-Weather App UIKit-Weather App UIKitUITests.release.xcconfig */,
				166CB1D7F67E14D414454ACD /* Pods-Weather App UIKitTests.debug.xcconfig */,
				EA09978B91CBFA422AB749EB /* Pods-Weather App UIKitTests.release.xcconfig */,
			);
			name = Pods;
			path = Pods;
			sourceTree = "<group>";
		};
		D1F52F35474371781E2D2C20 /* Frameworks */ = {
			isa = PBXGroup;
			children = (
				EE2589E32645DD011815F08F /* Pods_Weather_App_UIKit.framework */,
				486E938411CE1FEB5A3B8215 /* Pods_Weather_App_UIKit_Weather_App_UIKitUITests.framework */,
				17AAD1FEFCABF54F9C6DC7BC /* Pods_Weather_App_UIKitTests.framework */,
			);
			name = Frameworks;
			sourceTree = "<group>";
		};
/* End PBXGroup section */

/* Begin PBXNativeTarget section */
		0FC352E12CECE6EB00491A7A /* Weather App UIKit */ = {
			isa = PBXNativeTarget;
			buildConfigurationList = 0FC3530E2CECE6EF00491A7A /* Build configuration list for PBXNativeTarget "Weather App UIKit" */;
			buildPhases = (
				DDB2C2142AF9E73ACC592E76 /* [CP] Check Pods Manifest.lock */,
				0FC352DE2CECE6EB00491A7A /* Sources */,
				0FC352DF2CECE6EB00491A7A /* Frameworks */,
				0FC352E02CECE6EB00491A7A /* Resources */,
			);
			buildRules = (
			);
			dependencies = (
			);
			fileSystemSynchronizedGroups = (
				0FC352E42CECE6EB00491A7A /* Weather App UIKit */,
			);
			name = "Weather App UIKit";
			productName = "Weather App UIKit";
			productReference = 0FC352E22CECE6EB00491A7A /* Weather App UIKit.app */;
			productType = "com.apple.product-type.application";
		};
		0FC352FA2CECE6EF00491A7A /* Weather App UIKitTests */ = {
			isa = PBXNativeTarget;
			buildConfigurationList = 0FC353132CECE6EF00491A7A /* Build configuration list for PBXNativeTarget "Weather App UIKitTests" */;
			buildPhases = (
				381509D6679910C4EBE81984 /* [CP] Check Pods Manifest.lock */,
				0FC352F72CECE6EF00491A7A /* Sources */,
				0FC352F82CECE6EF00491A7A /* Frameworks */,
				0FC352F92CECE6EF00491A7A /* Resources */,
			);
			buildRules = (
			);
			dependencies = (
				0FC352FD2CECE6EF00491A7A /* PBXTargetDependency */,
			);
			fileSystemSynchronizedGroups = (
				0FC352FE2CECE6EF00491A7A /* Weather App UIKitTests */,
			);
			name = "Weather App UIKitTests";
			productName = "Weather App UIKitTests";
			productReference = 0FC352FB2CECE6EF00491A7A /* Weather App UIKitTests.xctest */;
			productType = "com.apple.product-type.bundle.unit-test";
		};
		0FC353042CECE6EF00491A7A /* Weather App UIKitUITests */ = {
			isa = PBXNativeTarget;
			buildConfigurationList = 0FC353162CECE6EF00491A7A /* Build configuration list for PBXNativeTarget "Weather App UIKitUITests" */;
			buildPhases = (
				C61F25BBF6D5E9E26D82B0FC /* [CP] Check Pods Manifest.lock */,
				0FC353012CECE6EF00491A7A /* Sources */,
				0FC353022CECE6EF00491A7A /* Frameworks */,
				0FC353032CECE6EF00491A7A /* Resources */,
			);
			buildRules = (
			);
			dependencies = (
				0FC353072CECE6EF00491A7A /* PBXTargetDependency */,
			);
			fileSystemSynchronizedGroups = (
				0FC353082CECE6EF00491A7A /* Weather App UIKitUITests */,
			);
			name = "Weather App UIKitUITests";
			productName = "Weather App UIKitUITests";
			productReference = 0FC353052CECE6EF00491A7A /* Weather App UIKitUITests.xctest */;
			productType = "com.apple.product-type.bundle.ui-testing";
		};
/* End PBXNativeTarget section */

/* Begin PBXProject section */
		0FC352DA2CECE6EB00491A7A /* Project object */ = {
			isa = PBXProject;
			attributes = {
				BuildIndependentTargetsInParallel = 1;
				LastSwiftUpdateCheck = 1610;
				LastUpgradeCheck = 1610;
				TargetAttributes = {
					0FC352E12CECE6EB00491A7A = {
						CreatedOnToolsVersion = 16.1;
					};
					0FC352FA2CECE6EF00491A7A = {
						CreatedOnToolsVersion = 16.1;
						TestTargetID = 0FC352E12CECE6EB00491A7A;
					};
					0FC353042CECE6EF00491A7A = {
						CreatedOnToolsVersion = 16.1;
						TestTargetID = 0FC352E12CECE6EB00491A7A;
					};
				};
			};
			buildConfigurationList = 0FC352DD2CECE6EB00491A7A /* Build configuration list for PBXProject "Weather App UIKit" */;
			developmentRegion = en;
			hasScannedForEncodings = 0;
			knownRegions = (
				en,
				Base,
			);
			mainGroup = 0FC352D92CECE6EB00491A7A;
			minimizedProjectReferenceProxies = 1;
			preferredProjectObjectVersion = 77;
			productRefGroup = 0FC352E32CECE6EB00491A7A /* Products */;
			projectDirPath = "";
			projectRoot = "";
			targets = (
				0FC352E12CECE6EB00491A7A /* Weather App UIKit */,
				0FC352FA2CECE6EF00491A7A /* Weather App UIKitTests */,
				0FC353042CECE6EF00491A7A /* Weather App UIKitUITests */,
			);
		};
/* End PBXProject section */

/* Begin PBXResourcesBuildPhase section */
		0FC352E02CECE6EB00491A7A /* Resources */ = {
			isa = PBXResourcesBuildPhase;
			buildActionMask = 2147483647;
			files = (
			);
			runOnlyForDeploymentPostprocessing = 0;
		};
		0FC352F92CECE6EF00491A7A /* Resources */ = {
			isa = PBXResourcesBuildPhase;
			buildActionMask = 2147483647;
			files = (
			);
			runOnlyForDeploymentPostprocessing = 0;
		};
		0FC353032CECE6EF00491A7A /* Resources */ = {
			isa = PBXResourcesBuildPhase;
			buildActionMask = 2147483647;
			files = (
			);
			runOnlyForDeploymentPostprocessing = 0;
		};
/* End PBXResourcesBuildPhase section */

/* Begin PBXShellScriptBuildPhase section */
		381509D6679910C4EBE81984 /* [CP] Check Pods Manifest.lock */ = {
			isa = PBXShellScriptBuildPhase;
			buildActionMask = 2147483647;
			files = (
			);
			inputFileListPaths = (
			);
			inputPaths = (
				"${PODS_PODFILE_DIR_PATH}/Podfile.lock",
				"${PODS_ROOT}/Manifest.lock",
			);
			name = "[CP] Check Pods Manifest.lock";
			outputFileListPaths = (
			);
			outputPaths = (
				"$(DERIVED_FILE_DIR)/Pods-Weather App UIKitTests-checkManifestLockResult.txt",
			);
			runOnlyForDeploymentPostprocessing = 0;
			shellPath = /bin/sh;
			shellScript = "diff \"${PODS_PODFILE_DIR_PATH}/Podfile.lock\" \"${PODS_ROOT}/Manifest.lock\" > /dev/null\nif [ $? != 0 ] ; then\n    # print error to STDERR\n    echo \"error: The sandbox is not in sync with the Podfile.lock. Run 'pod install' or update your CocoaPods installation.\" >&2\n    exit 1\nfi\n# This output is used by Xcode 'outputs' to avoid re-running this script phase.\necho \"SUCCESS\" > \"${SCRIPT_OUTPUT_FILE_0}\"\n";
			showEnvVarsInLog = 0;
		};
		C61F25BBF6D5E9E26D82B0FC /* [CP] Check Pods Manifest.lock */ = {
			isa = PBXShellScriptBuildPhase;
			buildActionMask = 2147483647;
			files = (
			);
			inputFileListPaths = (
			);
			inputPaths = (
				"${PODS_PODFILE_DIR_PATH}/Podfile.lock",
				"${PODS_ROOT}/Manifest.lock",
			);
			name = "[CP] Check Pods Manifest.lock";
			outputFileListPaths = (
			);
			outputPaths = (
				"$(DERIVED_FILE_DIR)/Pods-Weather App UIKit-Weather App UIKitUITests-checkManifestLockResult.txt",
			);
			runOnlyForDeploymentPostprocessing = 0;
			shellPath = /bin/sh;
			shellScript = "diff \"${PODS_PODFILE_DIR_PATH}/Podfile.lock\" \"${PODS_ROOT}/Manifest.lock\" > /dev/null\nif [ $? != 0 ] ; then\n    # print error to STDERR\n    echo \"error: The sandbox is not in sync with the Podfile.lock. Run 'pod install' or update your CocoaPods installation.\" >&2\n    exit 1\nfi\n# This output is used by Xcode 'outputs' to avoid re-running this script phase.\necho \"SUCCESS\" > \"${SCRIPT_OUTPUT_FILE_0}\"\n";
			showEnvVarsInLog = 0;
		};
		DDB2C2142AF9E73ACC592E76 /* [CP] Check Pods Manifest.lock */ = {
			isa = PBXShellScriptBuildPhase;
			buildActionMask = 2147483647;
			files = (
			);
			inputFileListPaths = (
			);
			inputPaths = (
				"${PODS_PODFILE_DIR_PATH}/Podfile.lock",
				"${PODS_ROOT}/Manifest.lock",
			);
			name = "[CP] Check Pods Manifest.lock";
			outputFileListPaths = (
			);
			outputPaths = (
				"$(DERIVED_FILE_DIR)/Pods-Weather App UIKit-checkManifestLockResult.txt",
			);
			runOnlyForDeploymentPostprocessing = 0;
			shellPath = /bin/sh;
			shellScript = "diff \"${PODS_PODFILE_DIR_PATH}/Podfile.lock\" \"${PODS_ROOT}/Manifest.lock\" > /dev/null\nif [ $? != 0 ] ; then\n    # print error to STDERR\n    echo \"error: The sandbox is not in sync with the Podfile.lock. Run 'pod install' or update your CocoaPods installation.\" >&2\n    exit 1\nfi\n# This output is used by Xcode 'outputs' to avoid re-running this script phase.\necho \"SUCCESS\" > \"${SCRIPT_OUTPUT_FILE_0}\"\n";
			showEnvVarsInLog = 0;
		};
/* End PBXShellScriptBuildPhase section */

/* Begin PBXSourcesBuildPhase section */
		0FC352DE2CECE6EB00491A7A /* Sources */ = {
			isa = PBXSourcesBuildPhase;
			buildActionMask = 2147483647;
			files = (
			);
			runOnlyForDeploymentPostprocessing = 0;
		};
		0FC352F72CECE6EF00491A7A /* Sources */ = {
			isa = PBXSourcesBuildPhase;
			buildActionMask = 2147483647;
			files = (
			);
			runOnlyForDeploymentPostprocessing = 0;
		};
		0FC353012CECE6EF00491A7A /* Sources */ = {
			isa = PBXSourcesBuildPhase;
			buildActionMask = 2147483647;
			files = (
			);
			runOnlyForDeploymentPostprocessing = 0;
		};
/* End PBXSourcesBuildPhase section */

/* Begin PBXTargetDependency section */
		0FC352FD2CECE6EF00491A7A /* PBXTargetDependency */ = {
			isa = PBXTargetDependency;
			target = 0FC352E12CECE6EB00491A7A /* Weather App UIKit */;
			targetProxy = 0FC352FC2CECE6EF00491A7A /* PBXContainerItemProxy */;
		};
		0FC353072CECE6EF00491A7A /* PBXTargetDependency */ = {
			isa = PBXTargetDependency;
			target = 0FC352E12CECE6EB00491A7A /* Weather App UIKit */;
			targetProxy = 0FC353062CECE6EF00491A7A /* PBXContainerItemProxy */;
		};
/* End PBXTargetDependency section */

/* Begin XCBuildConfiguration section */
		0FC3530F2CECE6EF00491A7A /* Debug */ = {
			isa = XCBuildConfiguration;
			baseConfigurationReference = 4C7D24E5CF72506458828A4E /* Pods-Weather App UIKit.debug.xcconfig */;
			buildSettings = {
				ASSETCATALOG_COMPILER_APPICON_NAME = AppIcon;
				ASSETCATALOG_COMPILER_GLOBAL_ACCENT_COLOR_NAME = AccentColor;
				CODE_SIGN_STYLE = Automatic;
				CURRENT_PROJECT_VERSION = 1;
				GENERATE_INFOPLIST_FILE = YES;
				INFOPLIST_FILE = "Weather App UIKit/Info.plist";
				INFOPLIST_KEY_UIApplicationSupportsIndirectInputEvents = YES;
				INFOPLIST_KEY_UILaunchStoryboardName = LaunchScreen;
				INFOPLIST_KEY_UISupportedInterfaceOrientations_iPad = "UIInterfaceOrientationPortrait UIInterfaceOrientationPortraitUpsideDown UIInterfaceOrientationLandscapeLeft UIInterfaceOrientationLandscapeRight";
				INFOPLIST_KEY_UISupportedInterfaceOrientations_iPhone = "UIInterfaceOrientationPortrait UIInterfaceOrientationLandscapeLeft UIInterfaceOrientationLandscapeRight";
				LD_RUNPATH_SEARCH_PATHS = (
					"$(inherited)",
					"@executable_path/Frameworks",
				);
				MARKETING_VERSION = 1.0;
				PRODUCT_BUNDLE_IDENTIFIER = "marais.demo.Weather-App-UIKit";
				PRODUCT_NAME = "$(TARGET_NAME)";
				SWIFT_EMIT_LOC_STRINGS = YES;
				SWIFT_VERSION = 5.0;
				TARGETED_DEVICE_FAMILY = "1,2";
			};
			name = Debug;
		};
		0FC353102CECE6EF00491A7A /* Release */ = {
			isa = XCBuildConfiguration;
			baseConfigurationReference = DF703E14466A6487EF06E1C6 /* Pods-Weather App UIKit.release.xcconfig */;
			buildSettings = {
				ASSETCATALOG_COMPILER_APPICON_NAME = AppIcon;
				ASSETCATALOG_COMPILER_GLOBAL_ACCENT_COLOR_NAME = AccentColor;
				CODE_SIGN_STYLE = Automatic;
				CURRENT_PROJECT_VERSION = 1;
				GENERATE_INFOPLIST_FILE = YES;
				INFOPLIST_FILE = "Weather App UIKit/Info.plist";
				INFOPLIST_KEY_UIApplicationSupportsIndirectInputEvents = YES;
				INFOPLIST_KEY_UILaunchStoryboardName = LaunchScreen;
				INFOPLIST_KEY_UISupportedInterfaceOrientations_iPad = "UIInterfaceOrientationPortrait UIInterfaceOrientationPortraitUpsideDown UIInterfaceOrientationLandscapeLeft UIInterfaceOrientationLandscapeRight";
				INFOPLIST_KEY_UISupportedInterfaceOrientations_iPhone = "UIInterfaceOrientationPortrait UIInterfaceOrientationLandscapeLeft UIInterfaceOrientationLandscapeRight";
				LD_RUNPATH_SEARCH_PATHS = (
					"$(inherited)",
					"@executable_path/Frameworks",
				);
				MARKETING_VERSION = 1.0;
				PRODUCT_BUNDLE_IDENTIFIER = "marais.demo.Weather-App-UIKit";
				PRODUCT_NAME = "$(TARGET_NAME)";
				SWIFT_EMIT_LOC_STRINGS = YES;
				SWIFT_VERSION = 5.0;
				TARGETED_DEVICE_FAMILY = "1,2";
			};
			name = Release;
		};
		0FC353112CECE6EF00491A7A /* Debug */ = {
			isa = XCBuildConfiguration;
			buildSettings = {
				ALWAYS_SEARCH_USER_PATHS = NO;
				ASSETCATALOG_COMPILER_GENERATE_SWIFT_ASSET_SYMBOL_EXTENSIONS = YES;
				CLANG_ANALYZER_NONNULL = YES;
				CLANG_ANALYZER_NUMBER_OBJECT_CONVERSION = YES_AGGRESSIVE;
				CLANG_CXX_LANGUAGE_STANDARD = "gnu++20";
				CLANG_ENABLE_MODULES = YES;
				CLANG_ENABLE_OBJC_ARC = YES;
				CLANG_ENABLE_OBJC_WEAK = YES;
				CLANG_WARN_BLOCK_CAPTURE_AUTORELEASING = YES;
				CLANG_WARN_BOOL_CONVERSION = YES;
				CLANG_WARN_COMMA = YES;
				CLANG_WARN_CONSTANT_CONVERSION = YES;
				CLANG_WARN_DEPRECATED_OBJC_IMPLEMENTATIONS = YES;
				CLANG_WARN_DIRECT_OBJC_ISA_USAGE = YES_ERROR;
				CLANG_WARN_DOCUMENTATION_COMMENTS = YES;
				CLANG_WARN_EMPTY_BODY = YES;
				CLANG_WARN_ENUM_CONVERSION = YES;
				CLANG_WARN_INFINITE_RECURSION = YES;
				CLANG_WARN_INT_CONVERSION = YES;
				CLANG_WARN_NON_LITERAL_NULL_CONVERSION = YES;
				CLANG_WARN_OBJC_IMPLICIT_RETAIN_SELF = YES;
				CLANG_WARN_OBJC_LITERAL_CONVERSION = YES;
				CLANG_WARN_OBJC_ROOT_CLASS = YES_ERROR;
				CLANG_WARN_QUOTED_INCLUDE_IN_FRAMEWORK_HEADER = YES;
				CLANG_WARN_RANGE_LOOP_ANALYSIS = YES;
				CLANG_WARN_STRICT_PROTOTYPES = YES;
				CLANG_WARN_SUSPICIOUS_MOVE = YES;
				CLANG_WARN_UNGUARDED_AVAILABILITY = YES_AGGRESSIVE;
				CLANG_WARN_UNREACHABLE_CODE = YES;
				CLANG_WARN__DUPLICATE_METHOD_MATCH = YES;
				COPY_PHASE_STRIP = NO;
				DEBUG_INFORMATION_FORMAT = dwarf;
				ENABLE_STRICT_OBJC_MSGSEND = YES;
				ENABLE_TESTABILITY = YES;
				ENABLE_USER_SCRIPT_SANDBOXING = YES;
				GCC_C_LANGUAGE_STANDARD = gnu17;
				GCC_DYNAMIC_NO_PIC = NO;
				GCC_NO_COMMON_BLOCKS = YES;
				GCC_OPTIMIZATION_LEVEL = 0;
				GCC_PREPROCESSOR_DEFINITIONS = (
					"DEBUG=1",
					"$(inherited)",
				);
				GCC_WARN_64_TO_32_BIT_CONVERSION = YES;
				GCC_WARN_ABOUT_RETURN_TYPE = YES_ERROR;
				GCC_WARN_UNDECLARED_SELECTOR = YES;
				GCC_WARN_UNINITIALIZED_AUTOS = YES_AGGRESSIVE;
				GCC_WARN_UNUSED_FUNCTION = YES;
				GCC_WARN_UNUSED_VARIABLE = YES;
				IPHONEOS_DEPLOYMENT_TARGET = 18.1;
				LOCALIZATION_PREFERS_STRING_CATALOGS = YES;
				MTL_ENABLE_DEBUG_INFO = INCLUDE_SOURCE;
				MTL_FAST_MATH = YES;
				ONLY_ACTIVE_ARCH = YES;
				SDKROOT = iphoneos;
				SWIFT_ACTIVE_COMPILATION_CONDITIONS = "DEBUG $(inherited)";
				SWIFT_OPTIMIZATION_LEVEL = "-Onone";
			};
			name = Debug;
		};
		0FC353122CECE6EF00491A7A /* Release */ = {
			isa = XCBuildConfiguration;
			buildSettings = {
				ALWAYS_SEARCH_USER_PATHS = NO;
				ASSETCATALOG_COMPILER_GENERATE_SWIFT_ASSET_SYMBOL_EXTENSIONS = YES;
				CLANG_ANALYZER_NONNULL = YES;
				CLANG_ANALYZER_NUMBER_OBJECT_CONVERSION = YES_AGGRESSIVE;
				CLANG_CXX_LANGUAGE_STANDARD = "gnu++20";
				CLANG_ENABLE_MODULES = YES;
				CLANG_ENABLE_OBJC_ARC = YES;
				CLANG_ENABLE_OBJC_WEAK = YES;
				CLANG_WARN_BLOCK_CAPTURE_AUTORELEASING = YES;
				CLANG_WARN_BOOL_CONVERSION = YES;
				CLANG_WARN_COMMA = YES;
				CLANG_WARN_CONSTANT_CONVERSION = YES;
				CLANG_WARN_DEPRECATED_OBJC_IMPLEMENTATIONS = YES;
				CLANG_WARN_DIRECT_OBJC_ISA_USAGE = YES_ERROR;
				CLANG_WARN_DOCUMENTATION_COMMENTS = YES;
				CLANG_WARN_EMPTY_BODY = YES;
				CLANG_WARN_ENUM_CONVERSION = YES;
				CLANG_WARN_INFINITE_RECURSION = YES;
				CLANG_WARN_INT_CONVERSION = YES;
				CLANG_WARN_NON_LITERAL_NULL_CONVERSION = YES;
				CLANG_WARN_OBJC_IMPLICIT_RETAIN_SELF = YES;
				CLANG_WARN_OBJC_LITERAL_CONVERSION = YES;
				CLANG_WARN_OBJC_ROOT_CLASS = YES_ERROR;
				CLANG_WARN_QUOTED_INCLUDE_IN_FRAMEWORK_HEADER = YES;
				CLANG_WARN_RANGE_LOOP_ANALYSIS = YES;
				CLANG_WARN_STRICT_PROTOTYPES = YES;
				CLANG_WARN_SUSPICIOUS_MOVE = YES;
				CLANG_WARN_UNGUARDED_AVAILABILITY = YES_AGGRESSIVE;
				CLANG_WARN_UNREACHABLE_CODE = YES;
				CLANG_WARN__DUPLICATE_METHOD_MATCH = YES;
				COPY_PHASE_STRIP = NO;
				DEBUG_INFORMATION_FORMAT = "dwarf-with-dsym";
				ENABLE_NS_ASSERTIONS = NO;
				ENABLE_STRICT_OBJC_MSGSEND = YES;
				ENABLE_USER_SCRIPT_SANDBOXING = YES;
				GCC_C_LANGUAGE_STANDARD = gnu17;
				GCC_NO_COMMON_BLOCKS = YES;
				GCC_WARN_64_TO_32_BIT_CONVERSION = YES;
				GCC_WARN_ABOUT_RETURN_TYPE = YES_ERROR;
				GCC_WARN_UNDECLARED_SELECTOR = YES;
				GCC_WARN_UNINITIALIZED_AUTOS = YES_AGGRESSIVE;
				GCC_WARN_UNUSED_FUNCTION = YES;
				GCC_WARN_UNUSED_VARIABLE = YES;
				IPHONEOS_DEPLOYMENT_TARGET = 18.1;
				LOCALIZATION_PREFERS_STRING_CATALOGS = YES;
				MTL_ENABLE_DEBUG_INFO = NO;
				MTL_FAST_MATH = YES;
				SDKROOT = iphoneos;
				SWIFT_COMPILATION_MODE = wholemodule;
				VALIDATE_PRODUCT = YES;
			};
			name = Release;
		};
		0FC353142CECE6EF00491A7A /* Debug */ = {
			isa = XCBuildConfiguration;
			baseConfigurationReference = 166CB1D7F67E14D414454ACD /* Pods-Weather App UIKitTests.debug.xcconfig */;
			buildSettings = {
				BUNDLE_LOADER = "$(TEST_HOST)";
				CODE_SIGN_STYLE = Automatic;
				CURRENT_PROJECT_VERSION = 1;
				GENERATE_INFOPLIST_FILE = YES;
				IPHONEOS_DEPLOYMENT_TARGET = 18.1;
				MARKETING_VERSION = 1.0;
				PRODUCT_BUNDLE_IDENTIFIER = "marais.demo.Weather-App-UIKitTests";
				PRODUCT_NAME = "$(TARGET_NAME)";
				SWIFT_EMIT_LOC_STRINGS = NO;
				SWIFT_VERSION = 5.0;
				TARGETED_DEVICE_FAMILY = "1,2";
				TEST_HOST = "$(BUILT_PRODUCTS_DIR)/Weather App UIKit.app/$(BUNDLE_EXECUTABLE_FOLDER_PATH)/Weather App UIKit";
			};
			name = Debug;
		};
		0FC353152CECE6EF00491A7A /* Release */ = {
			isa = XCBuildConfiguration;
			baseConfigurationReference = EA09978B91CBFA422AB749EB /* Pods-Weather App UIKitTests.release.xcconfig */;
			buildSettings = {
				BUNDLE_LOADER = "$(TEST_HOST)";
				CODE_SIGN_STYLE = Automatic;
				CURRENT_PROJECT_VERSION = 1;
				GENERATE_INFOPLIST_FILE = YES;
				IPHONEOS_DEPLOYMENT_TARGET = 18.1;
				MARKETING_VERSION = 1.0;
				PRODUCT_BUNDLE_IDENTIFIER = "marais.demo.Weather-App-UIKitTests";
				PRODUCT_NAME = "$(TARGET_NAME)";
				SWIFT_EMIT_LOC_STRINGS = NO;
				SWIFT_VERSION = 5.0;
				TARGETED_DEVICE_FAMILY = "1,2";
				TEST_HOST = "$(BUILT_PRODUCTS_DIR)/Weather App UIKit.app/$(BUNDLE_EXECUTABLE_FOLDER_PATH)/Weather App UIKit";
			};
			name = Release;
		};
		0FC353172CECE6EF00491A7A /* Debug */ = {
			isa = XCBuildConfiguration;
			baseConfigurationReference = 932A924F6C5C3FE6E5A04FC5 /* Pods-Weather App UIKit-Weather App UIKitUITests.debug.xcconfig */;
			buildSettings = {
				CODE_SIGN_STYLE = Automatic;
				CURRENT_PROJECT_VERSION = 1;
				GENERATE_INFOPLIST_FILE = YES;
				MARKETING_VERSION = 1.0;
				PRODUCT_BUNDLE_IDENTIFIER = "marais.demo.Weather-App-UIKitUITests";
				PRODUCT_NAME = "$(TARGET_NAME)";
				SWIFT_EMIT_LOC_STRINGS = NO;
				SWIFT_VERSION = 5.0;
				TARGETED_DEVICE_FAMILY = "1,2";
				TEST_TARGET_NAME = "Weather App UIKit";
			};
			name = Debug;
		};
		0FC353182CECE6EF00491A7A /* Release */ = {
			isa = XCBuildConfiguration;
			baseConfigurationReference = 96A2460BC1E19E565D4255EF /* Pods-Weather App UIKit-Weather App UIKitUITests.release.xcconfig */;
			buildSettings = {
				CODE_SIGN_STYLE = Automatic;
				CURRENT_PROJECT_VERSION = 1;
				GENERATE_INFOPLIST_FILE = YES;
				MARKETING_VERSION = 1.0;
				PRODUCT_BUNDLE_IDENTIFIER = "marais.demo.Weather-App-UIKitUITests";
				PRODUCT_NAME = "$(TARGET_NAME)";
				SWIFT_EMIT_LOC_STRINGS = NO;
				SWIFT_VERSION = 5.0;
				TARGETED_DEVICE_FAMILY = "1,2";
				TEST_TARGET_NAME = "Weather App UIKit";
			};
			name = Release;
		};
/* End XCBuildConfiguration section */

/* Begin XCConfigurationList section */
		0FC352DD2CECE6EB00491A7A /* Build configuration list for PBXProject "Weather App UIKit" */ = {
			isa = XCConfigurationList;
			buildConfigurations = (
				0FC353112CECE6EF00491A7A /* Debug */,
				0FC353122CECE6EF00491A7A /* Release */,
			);
			defaultConfigurationIsVisible = 0;
			defaultConfigurationName = Release;
		};
		0FC3530E2CECE6EF00491A7A /* Build configuration list for PBXNativeTarget "Weather App UIKit" */ = {
			isa = XCConfigurationList;
			buildConfigurations = (
				0FC3530F2CECE6EF00491A7A /* Debug */,
				0FC353102CECE6EF00491A7A /* Release */,
			);
			defaultConfigurationIsVisible = 0;
			defaultConfigurationName = Release;
		};
		0FC353132CECE6EF00491A7A /* Build configuration list for PBXNativeTarget "Weather App UIKitTests" */ = {
			isa = XCConfigurationList;
			buildConfigurations = (
				0FC353142CECE6EF00491A7A /* Debug */,
				0FC353152CECE6EF00491A7A /* Release */,
			);
			defaultConfigurationIsVisible = 0;
			defaultConfigurationName = Release;
		};
		0FC353162CECE6EF00491A7A /* Build configuration list for PBXNativeTarget "Weather App UIKitUITests" */ = {
			isa = XCConfigurationList;
			buildConfigurations = (
				0FC353172CECE6EF00491A7A /* Debug */,
				0FC353182CECE6EF00491A7A /* Release */,
			);
			defaultConfigurationIsVisible = 0;
			defaultConfigurationName = Release;
		};
/* End XCConfigurationList section */
	};
	rootObject = 0FC352DA2CECE6EB00491A7A /* Project object */;
}
